
Microsoft Visual Studio Solution File, Format Version 12.00
# Visual Studio 15
VisualStudioVersion = 15.0.27130.2027
MinimumVisualStudioVersion = 10.0.40219.1
Project("{FAE04EC0-301F-11D3-BF4B-00C04F79EFBC}") = "TestCors.API", "TestCors.API\TestCors.API.csproj", "{5FFCF73A-0C37-4CFE-8C84-A876848E441E}"
EndProject
Project("{FAE04EC0-301F-11D3-BF4B-00C04F79EFBC}") = "TestCors.Data", "TestCors.Data\TestCors.Data.csproj", "{C74032E5-2EAD-4214-91D3-52E99AEDB72A}"
EndProject
Project("{FAE04EC0-301F-11D3-BF4B-00C04F79EFBC}") = "TestCors.Common", "TestCors.Common\TestCors.Common.csproj", "{AE61C981-B1A5-464A-9BD6-D1876B8B9928}"
EndProject
Project("{FAE04EC0-301F-11D3-BF4B-00C04F79EFBC}") = "TestCors.Models", "TestCors.Models\TestCors.Models.csproj", "{E2DA7451-E89A-4ACB-9793-462328A9EEEA}"
EndProject
Project("{FAE04EC0-301F-11D3-BF4B-00C04F79EFBC}") = "TestCors.DTO", "TestCors.DTO\TestCors.DTO.csproj", "{612BE317-2BC6-4399-9EFB-6A279A8E6DA1}"
EndProject
Project("{FAE04EC0-301F-11D3-BF4B-00C04F79EFBC}") = "TestCors.Services", "TestCors.Services\TestCors.Services.csproj", "{DF9B4439-255F-4C18-988A-AA9A6A193567}"
EndProject
Global
	GlobalSection(SolutionConfigurationPlatforms) = preSolution
		Debug|Any CPU = Debug|Any CPU
		Release|Any CPU = Release|Any CPU
	EndGlobalSection
	GlobalSection(ProjectConfigurationPlatforms) = postSolution
		{5FFCF73A-0C37-4CFE-8C84-A876848E441E}.Debug|Any CPU.ActiveCfg = Debug|Any CPU
		{5FFCF73A-0C37-4CFE-8C84-A876848E441E}.Debug|Any CPU.Build.0 = Debug|Any CPU
		{5FFCF73A-0C37-4CFE-8C84-A876848E441E}.Release|Any CPU.ActiveCfg = Release|Any CPU
		{5FFCF73A-0C37-4CFE-8C84-A876848E441E}.Release|Any CPU.Build.0 = Release|Any CPU
		{C74032E5-2EAD-4214-91D3-52E99AEDB72A}.Debug|Any CPU.ActiveCfg = Debug|Any CPU
		{C74032E5-2EAD-4214-91D3-52E99AEDB72A}.Debug|Any CPU.Build.0 = Debug|Any CPU
		{C74032E5-2EAD-4214-91D3-52E99AEDB72A}.Release|Any CPU.ActiveCfg = Release|Any CPU
		{C74032E5-2EAD-4214-91D3-52E99AEDB72A}.Release|Any CPU.Build.0 = Release|Any CPU
		{AE61C981-B1A5-464A-9BD6-D1876B8B9928}.Debug|Any CPU.ActiveCfg = Debug|Any CPU
		{AE61C981-B1A5-464A-9BD6-D1876B8B9928}.Debug|Any CPU.Build.0 = Debug|Any CPU
		{AE61C981-B1A5-464A-9BD6-D1876B8B9928}.Release|Any CPU.ActiveCfg = Release|Any CPU
		{AE61C981-B1A5-464A-9BD6-D1876B8B9928}.Release|Any CPU.Build.0 = Release|Any CPU
		{E2DA7451-E89A-4ACB-9793-462328A9EEEA}.Debug|Any CPU.ActiveCfg = Debug|Any CPU
		{E2DA7451-E89A-4ACB-9793-462328A9EEEA}.Debug|Any CPU.Build.0 = Debug|Any CPU
		{E2DA7451-E89A-4ACB-9793-462328A9EEEA}.Release|Any CPU.ActiveCfg = Release|Any CPU
		{E2DA7451-E89A-4ACB-9793-462328A9EEEA}.Release|Any CPU.Build.0 = Release|Any CPU
		{612BE317-2BC6-4399-9EFB-6A279A8E6DA1}.Debug|Any CPU.ActiveCfg = Debug|Any CPU
		{612BE317-2BC6-4399-9EFB-6A279A8E6DA1}.Debug|Any CPU.Build.0 = Debug|Any CPU
		{612BE317-2BC6-4399-9EFB-6A279A8E6DA1}.Release|Any CPU.ActiveCfg = Release|Any CPU
		{612BE317-2BC6-4399-9EFB-6A279A8E6DA1}.Release|Any CPU.Build.0 = Release|Any CPU
		{DF9B4439-255F-4C18-988A-AA9A6A193567}.Debug|Any CPU.ActiveCfg = Debug|Any CPU
		{DF9B4439-255F-4C18-988A-AA9A6A193567}.Debug|Any CPU.Build.0 = Debug|Any CPU
		{DF9B4439-255F-4C18-988A-AA9A6A193567}.Release|Any CPU.ActiveCfg = Release|Any CPU
		{DF9B4439-255F-4C18-988A-AA9A6A193567}.Release|Any CPU.Build.0 = Release|Any CPU
	EndGlobalSection
	GlobalSection(SolutionProperties) = preSolution
		HideSolutionNode = FALSE
	EndGlobalSection
	GlobalSection(ExtensibilityGlobals) = postSolution
		SolutionGuid = {96CA06E6-2FF2-4379-9AC6-0AB0C102724D}
	EndGlobalSection
EndGlobal
